
Microsoft Visual Studio Solution File, Format Version 12.00
# Visual Studio Version 17
VisualStudioVersion = 17.3.32929.385
MinimumVisualStudioVersion = 10.0.40219.1
Project("{FAE04EC0-301F-11D3-BF4B-00C04F79EFBC}") = "ItuSmartBin", "ItuSmartBin\ItuSmartBin.csproj", "{DBD39E3C-F339-4A6F-9887-DD7147C13C1C}"
EndProject
Global
	GlobalSection(SolutionConfigurationPlatforms) = preSolution
		Debug|Any CPU = Debug|Any CPU
		Release|Any CPU = Release|Any CPU
	EndGlobalSection
	GlobalSection(ProjectConfigurationPlatforms) = postSolution
		{DBD39E3C-F339-4A6F-9887-DD7147C13C1C}.Debug|Any CPU.ActiveCfg = Debug|Any CPU
		{DBD39E3C-F339-4A6F-9887-DD7147C13C1C}.Debug|Any CPU.Build.0 = Debug|Any CPU
		{DBD39E3C-F339-4A6F-9887-DD7147C13C1C}.Release|Any CPU.ActiveCfg = Release|Any CPU
		{DBD39E3C-F339-4A6F-9887-DD7147C13C1C}.Release|Any CPU.Build.0 = Release|Any CPU
	EndGlobalSection
	GlobalSection(SolutionProperties) = preSolution
		HideSolutionNode = FALSE
	EndGlobalSection
	GlobalSection(ExtensibilityGlobals) = postSolution
		SolutionGuid = {76BF1C98-EAF6-4E88-90C2-801BE368EC24}
	EndGlobalSection
EndGlobal
